
Microsoft Visual Studio Solution File, Format Version 12.00
# Visual Studio 14
VisualStudioVersion = 14.0.25123.0
MinimumVisualStudioVersion = 10.0.40219.1
Project("{888888A0-9F3D-457C-B088-3A5042F75D52}") = "censusreporter", "censusreporter.pyproj", "{D25170D3-DC38-4395-BD43-507A8E99BF37}"
EndProject
Global
	GlobalSection(SolutionConfigurationPlatforms) = preSolution
		Debug|Any CPU = Debug|Any CPU
		Release|Any CPU = Release|Any CPU
	EndGlobalSection
	GlobalSection(ProjectConfigurationPlatforms) = postSolution
		{D25170D3-DC38-4395-BD43-507A8E99BF37}.Debug|Any CPU.ActiveCfg = Debug|Any CPU
		{D25170D3-DC38-4395-BD43-507A8E99BF37}.Debug|Any CPU.Build.0 = Debug|Any CPU
		{D25170D3-DC38-4395-BD43-507A8E99BF37}.Release|Any CPU.ActiveCfg = Release|Any CPU
		{D25170D3-DC38-4395-BD43-507A8E99BF37}.Release|Any CPU.Build.0 = Release|Any CPU
	EndGlobalSection
	GlobalSection(SolutionProperties) = preSolution
		HideSolutionNode = FALSE
	EndGlobalSection
EndGlobal
